{
  "version": 4,
  "terraform_version": "0.13.3",
  "serial": 185,
  "lineage": "67c3f168-c424-5b30-eb0a-e86d90bcf8ca",
  "outputs": {
    "external-ip": {
      "value": "10.166.0.4",
      "type": "string"
    },
    "name-machine": {
      "value": "web",
      "type": "string"
    },
    "public-ip": {
      "value": "35.228.239.23",
      "type": "string"
    }
  },
  "resources": [
    {
      "mode": "managed",
      "type": "google_compute_firewall",
      "name": "my-firewall-rule",
      "provider": "provider[\"registry.terraform.io/hashicorp/google\"]",
      "instances": [
        {
          "schema_version": 1,
          "attributes": {
            "allow": [
              {
                "ports": [
                  "80",
                  "22",
                  "8080",
                  "33",
                  "1000-3000",
                  "443"
                ],
                "protocol": "tcp"
              }
            ],
            "creation_timestamp": "2022-06-29T01:53:42.423-07:00",
            "deny": [],
            "description": "Creates firewall rule",
            "destination_ranges": [],
            "direction": "INGRESS",
            "disabled": false,
            "enable_logging": false,
            "id": "projects/project-test-354609/global/firewalls/my-firewall-rule",
            "name": "my-firewall-rule",
            "network": "https://www.googleapis.com/compute/v1/projects/project-test-354609/global/networks/terraform-network",
            "priority": 1000,
            "project": "project-test-354609",
            "self_link": "https://www.googleapis.com/compute/v1/projects/project-test-354609/global/firewalls/my-firewall-rule",
            "source_ranges": [
              "0.0.0.0/0"
            ],
            "source_service_accounts": null,
            "source_tags": null,
            "target_service_accounts": null,
            "target_tags": [
              "my-firewall-rule"
            ],
            "timeouts": null
          },
          "private": "eyJlMmJmYjczMC1lY2FhLTExZTYtOGY4OC0zNDM2M2JjN2M0YzAiOnsiY3JlYXRlIjoyNDAwMDAwMDAwMDAsImRlbGV0ZSI6MjQwMDAwMDAwMDAwLCJ1cGRhdGUiOjI0MDAwMDAwMDAwMH0sInNjaGVtYV92ZXJzaW9uIjoiMSJ9"
        }
      ]
    },
    {
      "mode": "managed",
      "type": "google_compute_instance",
      "name": "vm_instance",
      "provider": "provider[\"registry.terraform.io/hashicorp/google\"]",
      "instances": [
        {
          "schema_version": 6,
          "attributes": {
            "allow_stopping_for_update": null,
            "attached_disk": [],
            "boot_disk": [
              {
                "auto_delete": true,
                "device_name": "persistent-disk-0",
                "disk_encryption_key_raw": "",
                "disk_encryption_key_sha256": "",
                "initialize_params": [
                  {
                    "image": "https://www.googleapis.com/compute/v1/projects/ubuntu-os-cloud/global/images/ubuntu-2204-jammy-v20220622",
                    "labels": {},
                    "size": 10,
                    "type": "pd-standard"
                  }
                ],
                "kms_key_self_link": "",
                "mode": "READ_WRITE",
                "source": "https://www.googleapis.com/compute/v1/projects/project-test-354609/zones/europe-north1-a/disks/web"
              }
            ],
            "can_ip_forward": false,
            "cpu_platform": "Intel Broadwell",
            "deletion_protection": false,
            "description": "",
            "enable_display": false,
            "guest_accelerator": [],
            "hostname": "",
            "id": "projects/project-test-354609/zones/europe-north1-a/instances/web",
            "instance_id": "597191321350942199",
            "label_fingerprint": "42WmSpB8rSM=",
            "labels": null,
            "machine_type": "e2-small",
            "metadata": null,
            "metadata_fingerprint": "b3bk3cecC-A=",
            "metadata_startup_script": "sudo apt-get update -y; sudo apt-get install -yq screenfetch",
            "min_cpu_platform": "",
            "name": "web",
            "network_interface": [
              {
                "access_config": [
                  {
                    "nat_ip": "35.228.239.23",
                    "network_tier": "PREMIUM",
                    "public_ptr_domain_name": ""
                  }
                ],
                "alias_ip_range": [],
                "name": "nic0",
                "network": "https://www.googleapis.com/compute/v1/projects/project-test-354609/global/networks/terraform-network",
                "network_ip": "10.166.0.4",
                "subnetwork": "https://www.googleapis.com/compute/v1/projects/project-test-354609/regions/europe-north1/subnetworks/terraform-network",
                "subnetwork_project": "project-test-354609"
              }
            ],
            "project": "project-test-354609",
            "scheduling": [
              {
                "automatic_restart": true,
                "node_affinities": [],
                "on_host_maintenance": "MIGRATE",
                "preemptible": false
              }
            ],
            "scratch_disk": [],
            "self_link": "https://www.googleapis.com/compute/v1/projects/project-test-354609/zones/europe-north1-a/instances/web",
            "service_account": [],
            "shielded_instance_config": [
              {
                "enable_integrity_monitoring": true,
                "enable_secure_boot": false,
                "enable_vtpm": true
              }
            ],
            "tags": [
              "my-firewall-rule"
            ],
            "tags_fingerprint": "KFTY5KYmnAo=",
            "timeouts": null,
            "zone": "europe-north1-a"
          },
          "private": "eyJlMmJmYjczMC1lY2FhLTExZTYtOGY4OC0zNDM2M2JjN2M0YzAiOnsiY3JlYXRlIjoxMjAwMDAwMDAwMDAwLCJkZWxldGUiOjEyMDAwMDAwMDAwMDAsInVwZGF0ZSI6MTIwMDAwMDAwMDAwMH0sInNjaGVtYV92ZXJzaW9uIjoiNiJ9"
        }
      ]
    },
    {
      "mode": "managed",
      "type": "google_compute_network",
      "name": "terraform-network",
      "provider": "provider[\"registry.terraform.io/hashicorp/google\"]",
      "instances": [
        {
          "schema_version": 0,
          "attributes": {
            "auto_create_subnetworks": true,
            "delete_default_routes_on_create": false,
            "description": "",
            "gateway_ipv4": "",
            "id": "projects/project-test-354609/global/networks/terraform-network",
            "ipv4_range": null,
            "name": "terraform-network",
            "project": "project-test-354609",
            "routing_mode": "REGIONAL",
            "self_link": "https://www.googleapis.com/compute/v1/projects/project-test-354609/global/networks/terraform-network",
            "timeouts": null
          }
        }
      ]
    }
  ]
}
