{
  "version": 4,
  "terraform_version": "0.13.3",
  "serial": 182,
  "lineage": "67c3f168-c424-5b30-eb0a-e86d90bcf8ca",
  "outputs": {},
  "resources": [
    {
      "mode": "managed",
      "type": "google_compute_network",
      "name": "terraform-network",
      "provider": "provider[\"registry.terraform.io/hashicorp/google\"]",
      "instances": [
        {
          "schema_version": 0,
          "attributes": {
            "auto_create_subnetworks": true,
            "delete_default_routes_on_create": false,
            "description": "",
            "gateway_ipv4": "",
            "id": "projects/project-test-354609/global/networks/terraform-network",
            "ipv4_range": null,
            "name": "terraform-network",
            "project": "project-test-354609",
            "routing_mode": "REGIONAL",
            "self_link": "https://www.googleapis.com/compute/v1/projects/project-test-354609/global/networks/terraform-network",
            "timeouts": null
          }
        }
      ]
    }
  ]
}
